version = 1
revision = 3
requires-python = ">=3.14"

[[package]]
name = "47log-backend"
version = "0.1.0"
source = { virtual = "." }

[package.dev-dependencies]
dev = [
    { name = "import-linter" },
    { name = "pre-commit" },
    { name = "pyright" },
    { name = "pytest" },
    { name = "ruff" },
]

[package.metadata]

[package.metadata.requires-dev]
dev = [
    { name = "import-linter", specifier = ">=2.15" },
    { name = "pre-commit", specifier = ">=4.6.2" },
    { name = "pyright", specifier = ">=1.1.414" },
    { name = "pytest", specifier = ">=9.1.1" },
    { name = "ruff", specifier = ">=0.16.9" },
]

[[package]]
name = "cfgv"
version = "3.5.0"
source = { registry = "https://pypi.org/simple" }
sdist = { url = "https://files.pythonhosted.org/packages/4e/b5/721b8799b04bf9afe054a3899c6cf4e880fcf8563cc71c15610242490a0c/cfgv-3.5.0.tar.gz", hash = "sha256:d5b1034354820651caa73ede66a6294d6e95c1b00acc5e9b098e917404669132", size = 7334, upload-time = "2025-11-19T20:55:51.612Z" }
wheels = [
    { url = "https://files.pythonhosted.org/packages/db/3c/33bac158f8ab7f89b2e59426d5fe2e4f63f7ed25df84c036890172b412b5/cfgv-3.5.0-py2.py3-none-any.whl", hash = "sha256:a8dc6b26ad22ff227d2634a65cb388215ce6cc96bbcc5cfde7641ae87e8dacc0", size = 7445, upload-time = "2025-11-19T20:55:50.744Z" },
]

[[package]]
name = "click"
version = "8.5.0"
source = { registry = "https://pypi.org/simple" }
sdist = { url = "https://files.pythonhosted.org/packages/c7/0e/7fa0ef50764b67090eca4114772a2abf8b6148198475e54c660b97caeee6/click-8.5.0.tar.gz", hash = "sha256:ba0d2089de75ea0310e2dde03160e6ca10009947fb95a182f9b54021bb272e34", size = 382235, upload-time = "2026-08-26T13:33:14.56Z" }
wheels = [
    { url = "https://files.pythonhosted.org/packages/58/50/6c0d534c5f134586a8e1ba4e330569e32f057e33372ae556463212fb4cd3/click-8.5.0-py3-none-any.whl", hash = "sha256:255bc9599cf7748b4b1a446ccc735421bd08a2ae529a8b88597d3de5664ee360", size = 125251, upload-time = "2026-08-26T13:33:12.928Z" },
]

[[package]]
name = "colorama"
version = "0.4.6"
source = { registry = "https://pypi.org/simple" }
sdist = { url = "https://files.pythonhosted.org/packages/d8/53/6f443c9a4a8358a93a6792e2acffb9d9d5cb0a5cfd8802644b7b1c9a02e4/colorama-0.4.6.tar.gz", hash = "sha256:08695f5cb7ed6e0531a20572697297273c47b8cae5a63ffc6d6ed5c201be6e44", size = 27697, upload-time = "2022-10-25T02:36:22.414Z" }
wheels = [
    { url = "https://files.pythonhosted.org/packages/d1/d6/3965ed04c63042e047cb6a3e6ed1a63a35087b6a609aa3a15ed8ac56c221/colorama-0.4.6-py2.py3-none-any.whl", hash = "sha256:4f1d9991f5acc0ca119f9d443620b77f9d6b33703e51011c16baf57afb285fc6", size = 25335, upload-time = "2022-10-25T02:36:20.889Z" },
]

[[package]]
name = "distlib"
version = "0.4.3"
source = { registry = "https://pypi.org/simple" }
sdist = { url = "https://files.pythonhosted.org/packages/c9/02/bd72be9134d25ed783ecbbc38a539ffaefbf90c78418c7fb7229600dbac7/distlib-0.4.3.tar.gz", hash = "sha256:f152097224a0ae24be5a0f6bae1b9359af82133bce63f98a95f86cae1aede9ed", size = 615141, upload-time = "2026-06-12T08:04:52.847Z" }
wheels = [
    { url = "https://files.pythonhosted.org/packages/02/08/9c41fb51ab5b43eb21674aff13df270e8ba6c4b29c8624e328dc7a9482af/distlib-0.4.3-py2.py3-none-any.whl", hash = "sha256:4b0ce306c966eb73bc3a7b6abad017c556dadd92c44701562cd528ac7fde4d5b", size = 470628, upload-time = "2026-06-12T08:04:50.506Z" },
]

[[package]]
name = "filelock"
version = "4.0.5"
source = { registry = "https://pypi.org/simple" }
sdist = { url = "https://files.pythonhosted.org/packages/95/31/fbad823d8dfc56e2ff694db0319959382bdb01f2fe40c382e34c6f672392/filelock-4.0.5.tar.gz", hash = "sha256:2b155f098c4f285fb41954a22c616c4e8a0635b78c184338ba3023c1c91a4b4d", size = 247758, upload-time = "2026-09-28T05:07:19.736Z" }
wheels = [
    { url = "https://files.pythonhosted.org/packages/62/34/d90d7e7ef972900e09f45b9c0661376dd03e77fece26ee83ec93b7719bae/filelock-4.0.5-py3-none-any.whl", hash = "sha256:be9166068623636cedcad7b2ef735b04e5fb4344d978e09fd6fbd6ede06f14f0", size = 108976, upload-time = "2026-09-28T05:07:18.341Z" },
]

[[package]]
name = "grimp"
version = "3.17"
source = { registry = "https://pypi.org/simple" }
sdist = { url = "https://files.pythonhosted.org/packages/ad/2e/95736b7c984705ff5ee376f07c6e71bb80fcbb22c8fa3b8c1cfbfa919d5c/grimp-3.17.tar.gz", hash = "sha256:5161e03c6f518fe4da43b06c97ff49a1e224ecb0e4b9fd6ef48235373d1b7b33", size = 832923, upload-time = "2026-09-04T11:28:54.609Z" }
wheels = [
    { url = "https://files.pythonhosted.org/packages/39/e0/e11ea5aeb62534c9706e17952d142aa844ce5659e2d66b4b8ba9377407d6/grimp-3.17-cp314-cp314-macosx_10_12_x86_64.whl", hash = "sha256:0100ff6f08067c8eb8a77dd1433af5e173aea8dbf6a6b76f5372a3b49f2e0a43", size = 2161696, upload-time = "2026-09-11T10:36:49.104Z" },
    { url = "https://files.pythonhosted.org/packages/4b/d6/ddf82f4428d8bdc54ced0db244cbf5d8e5638490c3ed6a8b9f5db55dfa51/grimp-3.17-cp314-cp314-macosx_11_0_arm64.whl", hash = "sha256:67ada40a5c1cf4321183c0b0cd0393658ccd04b845caed002ac81dc2fdef828e", size = 2107301, upload-time = "2026-09-11T10:36:46.459Z" },
    { url = "https://files.pythonhosted.org/packages/86/1a/1dd0d9d2751e8078547e1cb7131e13d9624a2ea60700d926b3d624c15825/grimp-3.17-cp314-cp314-manylinux_2_17_aarch64.manylinux2014_aarch64.whl", hash = "sha256:baa385915a4c17948bfb25f77509cbbfb33795f321d1c5ca7cc602e34ed58e99", size = 2278433, upload-time = "2026-09-04T11:27:03.075Z" },
    { url = "https://files.pythonhosted.org/packages/58/71/3768fd253e7455a83d668193055691c82d3a4d434047116c572a27d2bd39/grimp-3.17-cp314-cp314-manylinux_2_17_armv7l.manylinux2014_armv7l.whl", hash = "sha256:8322a435b5ee97ff3db823df36cbefea569faec505cc0ca66223c27b4b44cca6", size = 2221152, upload-time = "2026-09-04T11:27:12.642Z" },
    { url = "https://files.pythonhosted.org/packages/b4/4f/907a130e87554d57be14c2a7cedeb818d0ef519064877297d19636735f6b/grimp-3.17-cp314-cp314-manylinux_2_17_i686.manylinux2014_i686.whl", hash = "sha256:cb953c21beb6ac85a59b5b54128be7fdddd89396d34b3c5705cf59829a85b431", size = 2371546, upload-time = "2026-09-04T11:27:41.195Z" },
    { url = "https://files.pythonhosted.org/packages/7e/4f/a3bf534aa7c582a47d8cfefab5fccb50e6f4dcd327ed6a8552d344a04ffe/grimp-3.17-cp314-cp314-manylinux_2_17_ppc64le.manylinux2014_ppc64le.whl", hash = "sha256:c34b904c25359f98e3f20771256d62329ed17f1e26a254a4f5c74bacc1f3bd21", size = 2628467, upload-time = "2026-09-04T11:27:21.818Z" },
    { url = "https://files.pythonhosted.org/packages/32/d3/2b2ab7b3a4e2c17bb1e10ec37e7ee8eecce7f72b1bf6c8019dd439943884/grimp-3.17-cp314-cp314-manylinux_2_17_s390x.manylinux2014_s390x.whl", hash = "sha256:f69ce8be301299f15ca99843e89991c240a231836cf45a11c6bfc54fb9fbeaa9", size = 2347520, upload-time = "2026-09-04T11:27:31.73Z" },
    { url = "https://files.pythonhosted.org/packages/72/da/6bc1f783a739afa51ffa2e235791487b5d09202501b25843ecae9833a3ff/grimp-3.17-cp314-cp314-manylinux_2_17_x86_64.manylinux2014_x86_64.whl", hash = "sha256:566411d1ac97e1f3a3f00a13ae33aebb9abda9787d3d9914f62f73b589d84fe2", size = 2284007, upload-time = "2026-09-04T11:27:53.889Z" },
    { url = "https://files.pythonhosted.org/packages/63/06/a08f1b16aec11f32bbc86f60e24986659ab4cfab79388c8d4b79f6a6723e/grimp-3.17-cp314-cp314-musllinux_1_2_aarch64.whl", hash = "sha256:5f89948029f3c7339a20bab007977194d3dbdddb27edae5c74b948d8f13191c7", size = 2455301, upload-time = "2026-09-04T11:28:21.177Z" },
    { url = "https://files.pythonhosted.org/packages/ff/c1/d55e9686f3797d1a2c6403d2ffec3020c67591c004304a414fe8d7a9755c/grimp-3.17-cp314-cp314-musllinux_1_2_armv7l.whl", hash = "sha256:5a895bc27105ada9b0e76a80bf9cc898409e5cc3689e73e64ca1cbd71dc87dce", size = 2497158, upload-time = "2026-09-04T11:28:30.984Z" },
    { url = "https://files.pythonhosted.org/packages/7f/85/a2d2e70c4f272752c395cc35b3732d82ff92c55e229d7bbd6777fd9868ff/grimp-3.17-cp314-cp314-musllinux_1_2_i686.whl", hash = "sha256:e80b57a7d03f53e96eb0a5b0844340f99f17eede184042fb73e3ef010176ab35", size = 2528862, upload-time = "2026-09-04T11:28:40.251Z" },
    { url = "https://files.pythonhosted.org/packages/cb/03/fc3a58d9b22b011c1c3377c1ecee127a5f642de9b20de32d3ad7213ab71a/grimp-3.17-cp314-cp314-musllinux_1_2_x86_64.whl", hash = "sha256:5c0cac76283679fe9c1fd761e63deb9bbc7ba46b32988113ecef4b13742f31b9", size = 2538240, upload-time = "2026-09-04T11:28:50.248Z" },
    { url = "https://files.pythonhosted.org/packages/58/13/d7666cf03c79c275020bad40ea1df8597af7877083ef5a84b5d8b566029a/grimp-3.17-cp314-cp314-win32.whl", hash = "sha256:c8982f4fa1276e059665947156740a55a4e8e6b5a4d7f40730a7511afb608762", size = 1874930, upload-time = "2026-09-04T11:29:23.152Z" },
    { url = "https://files.pythonhosted.org/packages/59/ce/abb9ccb50972351461065ca72cd0f528837a2f398621147dfaf1013698f0/grimp-3.17-cp314-cp314-win_amd64.whl", hash = "sha256:0b97dc29bdca523932bbbcb425fc3df3547cf970396b293bfa960b910f3932d1", size = 1999405, upload-time = "2026-09-04T11:29:11.832Z" },
    { url = "https://files.pythonhosted.org/packages/9f/1d/93c12ff4ce9ede9f91aa03df66128d223a4c824a13de6ab702c973fcae0d/grimp-3.17-cp314-cp314-win_arm64.whl", hash = "sha256:80b5b25b8d8ed6cc68dc39ae9e4c2fb64acd1a3e66434d9cf4d68c72e46d505d", size = 1923324, upload-time = "2026-09-04T11:29:00.004Z" },
    { url = "https://files.pythonhosted.org/packages/d2/59/f94dd90757a2195415736f0e2be667ac4cd375fe86d875d4298661751fce/grimp-3.17-cp314-cp314t-macosx_10_12_x86_64.whl", hash = "sha256:e15340ee11e34bfaaee496cff53f8287dc9f417a94e5bdf3d6b4204305d004cc", size = 2145199, upload-time = "2026-09-04T11:28:13.287Z" },
    { url = "https://files.pythonhosted.org/packages/ce/83/9d7cb22fc136ad6a61bff3b74cf0b31b13fdf94e224d46ff1edd9b5b8c86/grimp-3.17-cp314-cp314t-macosx_11_0_arm64.whl", hash = "sha256:cbccf2a6cd3f89bfdfd683d9b000bd61f6936e16b6d4d6619da592c54f79f272", size = 2090761, upload-time = "2026-09-04T11:28:05.984Z" },
    { url = "https://files.pythonhosted.org/packages/e2/6b/b70add79e9e315d111bb1643b44e1b9e1ded82888856e1ad68bc484cd635/grimp-3.17-cp314-cp314t-manylinux_2_17_aarch64.manylinux2014_aarch64.whl", hash = "sha256:5332893955688759a9f7868c3c9e56b19bc1694ee251852d3daf54876b35c115", size = 2279005, upload-time = "2026-09-04T11:27:04.543Z" },
    { url = "https://files.pythonhosted.org/packages/d3/4c/f5f001e592f8e8820086604db98373ca129e2831facad81ec0d1820a749f/grimp-3.17-cp314-cp314t-manylinux_2_17_armv7l.manylinux2014_armv7l.whl", hash = "sha256:848a92d8a63a38d79c89ab1e68fb5429d90079f39c07533ffd45ce756e7f210f", size = 2220430, upload-time = "2026-09-04T11:27:13.814Z" },
    { url = "https://files.pythonhosted.org/packages/83/13/cc57724307c22060e193a1dc9bc99fa14d46584c534a3936319ec579c599/grimp-3.17-cp314-cp314t-manylinux_2_17_i686.manylinux2014_i686.whl", hash = "sha256:c89cfe49f822a2cc9c42cc7b0f3975ecb1281970735ea31610bfa06a7e04c460", size = 2370318, upload-time = "2026-09-04T11:27:42.535Z" },
    { url = "https://files.pythonhosted.org/packages/50/1b/05d9964d4b47ffe0ef826bfe04b3f4b713fd623c90e424ff002cb0d8a917/grimp-3.17-cp314-cp314t-manylinux_2_17_ppc64le.manylinux2014_ppc64le.whl", hash = "sha256:541c9a2b7f1ad5d4f5d1597740e51058fba8ca0c1a225d6ccc6d11a8364fa563", size = 2629127, upload-time = "2026-09-04T11:27:23.18Z" },
    { url = "https://files.pythonhosted.org/packages/ce/ea/186a3087623f1556eb8b9d02baa00300003bb84b7b35677e3fcec34691b6/grimp-3.17-cp314-cp314t-manylinux_2_17_s390x.manylinux2014_s390x.whl", hash = "sha256:66b4a13edb3fe63be6f7dbbc2576786f501af9d386a5a1f60b2938f270aef97c", size = 2348453, upload-time = "2026-09-04T11:27:32.964Z" },
    { url = "https://files.pythonhosted.org/packages/e8/6c/a718328adc50529135510b515c5ff1d9f94ab26ab8df9057bb1ef5ab8993/grimp-3.17-cp314-cp314t-manylinux_2_17_x86_64.manylinux2014_x86_64.whl", hash = "sha256:160abad142e168545be8d4cc91b2a95b4565f7571fc56f7fced69ce3589e5111", size = 2287338, upload-time = "2026-09-04T11:27:55.16Z" },
    { url = "https://files.pythonhosted.org/packages/ea/ed/bf67bc6749abee0a1e97f8f14ee2cb19ccc435b306e22bcaac6118d402a4/grimp-3.17-cp314-cp314t-musllinux_1_2_aarch64.whl", hash = "sha256:cd76fb13a534209c1777c807092f51b1570854eb49948d65cd5e1d94d80e981d", size = 2455299, upload-time = "2026-09-04T11:28:22.505Z" },
    { url = "https://files.pythonhosted.org/packages/83/8a/6c954092306e21c93c744432c3d47491c3264d3cc4b465941de5164a1cb3/grimp-3.17-cp314-cp314t-musllinux_1_2_armv7l.whl", hash = "sha256:1688e2dbe382b6644ecc3f55053e319de70034d9dfe0809d21d441a590c320e6", size = 2496813, upload-time = "2026-09-04T11:28:32.303Z" },
    { url = "https://files.pythonhosted.org/packages/ea/a8/cf0aa245ace55dd2f6bdd3bb646ec50c294bdfe623fd51327bd27efaa585/grimp-3.17-cp314-cp314t-musllinux_1_2_i686.whl", hash = "sha256:0433d177f327c31410f21845322282c832d887f1a42cbdfa176133d8422d84b2", size = 2527052, upload-time = "2026-09-04T11:28:41.869Z" },
    { url = "https://files.pythonhosted.org/packages/75/b8/90cd11e346f12fb5269ff050ae825083410d3bdb54d82a3b8e955e4f9d26/grimp-3.17-cp314-cp314t-musllinux_1_2_x86_64.whl", hash = "sha256:790d68157e034e7848257ef46b37550040c9e4692cea17372d3d9f87cef1d84b", size = 2541238, upload-time = "2026-09-04T11:28:51.786Z" },
    { url = "https://files.pythonhosted.org/packages/48/92/10cc37db6149030c8cfc80fa5287f739c1e9620c8a05d1ba8dfdfc0a6c4f/grimp-3.17-cp314-cp314t-win32.whl", hash = "sha256:37e6333ca54d4d80b5c4f2eae324774b223dbdc65994dc9bccda2985a9261dd8", size = 1872673, upload-time = "2026-09-04T11:29:24.514Z" },
    { url = "https://files.pythonhosted.org/packages/ac/cc/b257d8da079a87e65d0f1b0e004fd50f31ba25e7136a3b36f896e0e338f8/grimp-3.17-cp314-cp314t-win_amd64.whl", hash = "sha256:91e4bbbed4d934369b83071380e1ad5f37b7f5c80b80ffa924627db8d66fea11", size = 2000197, upload-time = "2026-09-04T11:29:13.138Z" },
    { url = "https://files.pythonhosted.org/packages/29/d0/feebddf766448932f2f1e40324fe75cf50ce6d3a21bdf87fc0eae263218a/grimp-3.17-cp314-cp314t-win_arm64.whl", hash = "sha256:28ae2ff57a9ef535c2e7054dcb18baf0cdc2dee3982367512bff34eaecb85cf0", size = 1920856, upload-time = "2026-09-04T11:29:01.498Z" },
    { url = "https://files.pythonhosted.org/packages/83/39/bb07084f0b97da66b0aa38077bd656c4f831b4aa3f167b1c060f6a65ea5e/grimp-3.17-cp315-cp315-manylinux_2_17_i686.manylinux2014_i686.whl", hash = "sha256:fe3e2285a2bd4e62ddb8825de37152d2dc842394d419786d3d5a803b07bb84eb", size = 2372594, upload-time = "2026-09-04T11:27:43.884Z" },
    { url = "https://files.pythonhosted.org/packages/e6/a9/905a484659749f40ed797963147202cb74c3b68d8e90a7a600af55de47ee/grimp-3.17-cp315-cp315-manylinux_2_17_x86_64.manylinux2014_x86_64.whl", hash = "sha256:a377d5935ae9a62ccbb59e492e16624cec97cc7244c4a964b0c6f83940440626", size = 2284577, upload-time = "2026-09-04T11:27:56.428Z" },
    { url = "https://files.pythonhosted.org/packages/30/6a/40fb12b111c95b94db4930f35661a629532d9d12fb484db5b5ef1a6c3da3/grimp-3.17-cp315-cp315-win32.whl", hash = "sha256:65a1dc2741bef8a96ff3ff71252db8e99eac2a32e09d5e2b63597474706186ca", size = 1876437, upload-time = "2026-09-04T11:29:25.725Z" },
    { url = "https://files.pythonhosted.org/packages/71/98/79af8d51961611e13b3dabc7a3b356b27aa696e5549bb439f1d6002be31a/grimp-3.17-cp315-cp315-win_amd64.whl", hash = "sha256:d20fbe5aab8b013b351313f8eaa3a46f4ac57677e357cb1c3d1012c606b565b4", size = 1999947, upload-time = "2026-09-04T11:29:14.623Z" },
    { url = "https://files.pythonhosted.org/packages/96/d6/e1922c4c7e001210f98e0cf89bd76fea8564f590be3e9ccfe99435cfcd59/grimp-3.17-cp315-cp315-win_arm64.whl", hash = "sha256:a0288dc0e8947dead5c02a246e16f3f5e5cb486348171bdf1289885a13de36c1", size = 1923774, upload-time = "2026-09-04T11:29:02.897Z" },
    { url = "https://files.pythonhosted.org/packages/85/f6/f4f84e44a9237350c41e7c77343498cb1ad843491c18f29d6811021c617d/grimp-3.17-cp315-cp315t-macosx_10_12_x86_64.whl", hash = "sha256:1bf67cb05a80796be99d1bf87e12d4421de101950c5246a8220b6c839cbf27c2", size = 2145245, upload-time = "2026-09-04T11:28:14.537Z" },
    { url = "https://files.pythonhosted.org/packages/71/98/822287270c41360f66c4b5638e040afc6bbf11e9f04cf5005bbd5f3e4830/grimp-3.17-cp315-cp315t-macosx_11_0_arm64.whl", hash = "sha256:d058fdb980475eb9e0143792d63757ddff86c5776e792866e8208cfe5e8413f9", size = 2090367, upload-time = "2026-09-04T11:28:07.277Z" },
    { url = "https://files.pythonhosted.org/packages/ac/76/32d303603157a0d98cb8bde8757e6ae8fa02d41f1d62cdf843fb2e7fe727/grimp-3.17-cp315-cp315t-manylinux_2_17_i686.manylinux2014_i686.whl", hash = "sha256:92f1989ce9f9ce26b7d45381df164c62aff783add84cd7a4216a6ebba0f9f03a", size = 2371543, upload-time = "2026-09-04T11:27:45.108Z" },
    { url = "https://files.pythonhosted.org/packages/7b/68/4551e23ab9422e2ead806c1fec9f4b3acd21a267e43bfe8e8cd7f4640dce/grimp-3.17-cp315-cp315t-manylinux_2_17_x86_64.manylinux2014_x86_64.whl", hash = "sha256:7e275cee07826cf36db1914427e68afac87588f759e1dec676870234d4a250ae", size = 2288003, upload-time = "2026-09-04T11:27:57.605Z" },
    { url = "https://files.pythonhosted.org/packages/20/64/79161f05c900f7f7f1b0acd22a730b1be9f96680dd44efeef90aa45e6998/grimp-3.17-cp315-cp315t-win32.whl", hash = "sha256:a7235ccffb0350647ae2b01969f552a9859fea7027032f6cfed110801269a439", size = 1873249, upload-time = "2026-09-04T11:29:27.094Z" },
    { url = "https://files.pythonhosted.org/packages/94/b7/6f9cdeba2c1263fb91b791ddd5e924d6c91c2485f4f16b56698802fdd540/grimp-3.17-cp315-cp315t-win_amd64.whl", hash = "sha256:473d0e0c016ca429b9ec17f34d276db454ba4d467e3c915a46279d86ab004716", size = 2000579, upload-time = "2026-09-04T11:29:15.961Z" },
    { url = "https://files.pythonhosted.org/packages/ac/16/8ae9028f046bf8f48cc13f6de2de40adbcbf38fa79a3a5f265753b248da0/grimp-3.17-cp315-cp315t-win_arm64.whl", hash = "sha256:478aa0b696e5dd79373943e75b998fbb4ef3d146f24fe3569fa9d106ce84991b", size = 1921829, upload-time = "2026-09-04T11:29:04.403Z" },
]

[[package]]
name = "identify"
version = "2.6.20"
source = { registry = "https://pypi.org/simple" }
sdist = { url = "https://files.pythonhosted.org/packages/53/35/d70c0006c7cee65999ea94a6273e60b2094f600a3d8b71b04318253fc643/identify-2.6.20.tar.gz", hash = "sha256:ad729860a923858d26917c2f4fb0a1d83d27a75b1e090c06440c573f048f3285", size = 99681, upload-time = "2026-09-26T20:29:07.187Z" }
wheels = [
    { url = "https://files.pythonhosted.org/packages/fa/70/fffc9613501877c0a10a1ef73a165e6ded3e53f6e7502227fef56d973933/identify-2.6.20-py2.py3-none-any.whl", hash = "sha256:6a16b69b93187244e0548cbfd25b3e4a6f9a7a2ad784625c3bec2b8d27b81aaa", size = 99506, upload-time = "2026-09-26T20:29:06.054Z" },
]

[[package]]
name = "import-linter"
version = "2.15"
source = { registry = "https://pypi.org/simple" }
dependencies = [
    { name = "click" },
    { name = "grimp" },
    { name = "rich" },
    { name = "typing-extensions" },
]
sdist = { url = "https://files.pythonhosted.org/packages/3c/81/1bb414f8c8bcd024499e91f112d317c36a86bc264da1fd43f9797fc2b7b0/import_linter-2.15.tar.gz", hash = "sha256:1da912bea5e172a82a3ce617b5543f75cf64dc0d8f4d9b46c5578b68ccb81590", size = 1405973, upload-time = "2026-09-04T14:47:56.097Z" }
wheels = [
    { url = "https://files.pythonhosted.org/packages/08/31/4571c20652a4002ed9e500046386f3731a77e23d95a608ae8a87f1fbb2da/import_linter-2.15-py3-none-any.whl", hash = "sha256:9aaf16a88ac1e99d5a464cd7f66b6a05f7060bfa761162e0ed441773a267ed3b", size = 640512, upload-time = "2026-09-04T14:47:54.878Z" },
]

[[package]]
name = "iniconfig"
version = "2.3.0"
source = { registry = "https://pypi.org/simple" }
sdist = { url = "https://files.pythonhosted.org/packages/72/34/14ca021ce8e5dfedc35312d08ba8bf51fdd999c576889fc2c24cb97f4f10/iniconfig-2.3.0.tar.gz", hash = "sha256:c76315c77db068650d49c5b56314774a7804df16fee4402c1f19d6d15d8c4730", size = 20503, upload-time = "2025-10-18T21:55:43.219Z" }
wheels = [
    { url = "https://files.pythonhosted.org/packages/cb/b1/3846dd7f199d53cb17f49cba7e651e9ce294d8497c8c150530ed11865bb8/iniconfig-2.3.0-py3-none-any.whl", hash = "sha256:f631c04d2c48c52b84d0d0549c99ff3859c98df65b3101406327ecc7d53fbf12", size = 7484, upload-time = "2025-10-18T21:55:41.639Z" },
]

[[package]]
name = "markdown-it-py"
version = "4.2.0"
source = { registry = "https://pypi.org/simple" }
dependencies = [
    { name = "mdurl" },
]
sdist = { url = "https://files.pythonhosted.org/packages/06/ff/7841249c247aa650a76b9ee4bbaeae59370dc8bfd2f6c01f3630c35eb134/markdown_it_py-4.2.0.tar.gz", hash = "sha256:04a21681d6fbb623de53f6f364d352309d4094dd4194040a10fd51833e418d49", size = 82454, upload-time = "2026-05-07T12:08:28.36Z" }
wheels = [
    { url = "https://files.pythonhosted.org/packages/b3/81/4da04ced5a082363ecfa159c010d200ecbd959ae410c10c0264a38cac0f5/markdown_it_py-4.2.0-py3-none-any.whl", hash = "sha256:9f7ebbcd14fe59494226453aed97c1070d83f8d24b6fc3a3bcf9a38092641c4a", size = 91687, upload-time = "2026-05-07T12:08:27.182Z" },
]

[[package]]
name = "mdurl"
version = "0.1.2"
source = { registry = "https://pypi.org/simple" }
sdist = { url = "https://files.pythonhosted.org/packages/d6/54/cfe61301667036ec958cb99bd3efefba235e65cdeb9c84d24a8293ba1d90/mdurl-0.1.2.tar.gz", hash = "sha256:bb413d29f5eea38f31dd4754dd7377d4465116fb207585f97bf925588687c1ba", size = 8729, upload-time = "2022-08-14T12:40:10.846Z" }
wheels = [
    { url = "https://files.pythonhosted.org/packages/b3/38/89ba8ad64ae25be8de66a6d463314cf1eb366222074cfda9ee839c56a4b4/mdurl-0.1.2-py3-none-any.whl", hash = "sha256:84008a41e51615a49fc9966191ff91509e3c40b939176e643fd50a5c2196b8f8", size = 9979, upload-time = "2022-08-14T12:40:09.779Z" },
]

[[package]]
name = "nodeenv"
version = "1.11.0"
source = { registry = "https://pypi.org/simple" }
sdist = { url = "https://files.pythonhosted.org/packages/9a/8e/105de02c1322cfada6d9710d9146ef8026419d433c9d08359a2d35805811/nodeenv-1.11.0.tar.gz", hash = "sha256:3ce8fe5b71d16e8af7039ca65257354100bc772965d6bc549070649e53b1b146", size = 99301, upload-time = "2026-09-26T11:29:21.367Z" }
wheels = [
    { url = "https://files.pythonhosted.org/packages/54/c8/12811c9b48fde162bb72b6f2e78fada9a247a09d7bb5be2050a5d099c77b/nodeenv-1.11.0-py2.py3-none-any.whl", hash = "sha256:edaa16e6c14d7cf395d75d4bbd5a26390f4dc06501a33b4e76282b02cc688a25", size = 34277, upload-time = "2026-09-26T11:29:19.933Z" },
]

[[package]]
name = "packaging"
version = "26.3"
source = { registry = "https://pypi.org/simple" }
sdist = { url = "https://files.pythonhosted.org/packages/7d/fa/3944b40b07da9ce895c0e6303a5ab7d53da063554f534556b134a54d6093/packaging-26.3.tar.gz", hash = "sha256:94edc256424af38762eb31306eed28beb9f0efc50a8837492c9d6fd6004aed79", size = 313412, upload-time = "2026-08-04T18:15:28.737Z" }
wheels = [
    { url = "https://files.pythonhosted.org/packages/63/34/ba1c580383c9eada3711951fef0795c80b829a078d72188184bcab9dd527/packaging-26.3-py3-none-any.whl", hash = "sha256:d7193f7c8e4e93f444fde0262bf90af30e16fa0ad0ad44cb553c87339b23cd1c", size = 129956, upload-time = "2026-08-04T18:15:27.159Z" },
]

[[package]]
name = "platformdirs"
version = "4.12.1"
source = { registry = "https://pypi.org/simple" }
sdist = { url = "https://files.pythonhosted.org/packages/c3/8a/84ef03c1c83eacd7cc4540b05428a93b5cd4e42f62fb0b98ac2cb6ed3a6d/platformdirs-4.12.1.tar.gz", hash = "sha256:38da801a4af303033cbffccb39030db22bf0473e6414309b02acebeee7ca8bf1", size = 59427, upload-time = "2026-09-28T05:05:16.264Z" }
wheels = [
    { url = "https://files.pythonhosted.org/packages/40/31/1521c38d175108ac395941adbcb9f11e085340bed81ad166e8ad8c21c17b/platformdirs-4.12.1-py3-none-any.whl", hash = "sha256:7f251621befae78b2cb74616f9fc99d3fa3db0afba5035987731f8dcd430337d", size = 33011, upload-time = "2026-09-28T05:05:15.06Z" },
]

[[package]]
name = "pluggy"
version = "1.6.0"
source = { registry = "https://pypi.org/simple" }
sdist = { url = "https://files.pythonhosted.org/packages/f9/e2/3e91f31a7d2b083fe6ef3fa267035b518369d9511ffab804f839851d2779/pluggy-1.6.0.tar.gz", hash = "sha256:7dcc130b76258d33b90f61b658791dede3486c3e6bfb003ee5c9bfb396dd22f3", size = 69412, upload-time = "2025-05-15T12:30:07.975Z" }
wheels = [
    { url = "https://files.pythonhosted.org/packages/54/20/4d324d65cc6d9205fabedc306948156824eb9f0ee1633355a8f7ec5c66bf/pluggy-1.6.0-py3-none-any.whl", hash = "sha256:e920276dd6813095e9377c0bc5566d94c932c33b27a3e3945d8389c374dd4746", size = 20538, upload-time = "2025-05-15T12:30:06.134Z" },
]

[[package]]
name = "pre-commit"
version = "4.6.2"
source = { registry = "https://pypi.org/simple" }
dependencies = [
    { name = "cfgv" },
    { name = "identify" },
    { name = "nodeenv" },
    { name = "pyyaml" },
    { name = "virtualenv" },
]
sdist = { url = "https://files.pythonhosted.org/packages/74/89/1f3e8e1fc3e97de0fa963495832f581f025f29471602a309e48808244292/pre_commit-4.6.2.tar.gz", hash = "sha256:8f5d7bfb021ecdbcd9d49d89847082dd24172ccde534390081a679ad046e2441", size = 198670, upload-time = "2026-08-10T22:07:18.421Z" }
wheels = [
    { url = "https://files.pythonhosted.org/packages/45/e2/bbb7129c9e7999a6b8ee9cca3b66486c25c423ab5a75f34071798b74ce94/pre_commit-4.6.2-py2.py3-none-any.whl", hash = "sha256:e2dde9a75d3bce11bd3831c26d134df00a2803c1d818be6a0383c3dcda25dc4e", size = 226202, upload-time = "2026-08-10T22:07:16.942Z" },
]

[[package]]
name = "pygments"
version = "2.21.0"
source = { registry = "https://pypi.org/simple" }
sdist = { url = "https://files.pythonhosted.org/packages/49/2e/ced460408999b33da6b31b0021b0f37d329e202d4169aeb164493778f25b/pygments-2.21.0.tar.gz", hash = "sha256:610ca751c9bc2492b38eb9a38a7fbc93edbbb2d7182edaf34e66ae493dee5c8c", size = 5005329, upload-time = "2026-08-17T08:02:48.824Z" }
wheels = [
    { url = "https://files.pythonhosted.org/packages/71/46/17f022dd3e953bf20a04a028a21ec746d942f8d2af30fa0f124fa0e6a684/pygments-2.21.0-py3-none-any.whl", hash = "sha256:2363c69b61c4a97c838da3b130dcd6468f4848992b21a82f2a63ec34377137d9", size = 1250147, upload-time = "2026-08-17T08:02:44.912Z" },
]

[[package]]
name = "pyright"
version = "1.1.414"
source = { registry = "https://pypi.org/simple" }
dependencies = [
    { name = "nodeenv" },
    { name = "typing-extensions" },
]
sdist = { url = "https://files.pythonhosted.org/packages/e1/1b/244c7b710031ada80f27e579ec20d28a2285dfc318fed0339866b1047f12/pyright-1.1.414.tar.gz", hash = "sha256:523c0a97c60da6333234955c277730c9cf4f5bd6d5399e7b7d2b0fc5d3599524", size = 4154638, upload-time = "2026-09-10T12:26:53.181Z" }
wheels = [
    { url = "https://files.pythonhosted.org/packages/d7/ba/18b6e682ead424ad24bcc134339ae5d1b931cd9ae260540592a058a91279/pyright-1.1.414-py3-none-any.whl", hash = "sha256:2a6b4b3298c9eec174c5ed83bd338de6eee82df2992f3e1930e6199d381be36f", size = 6225049, upload-time = "2026-09-10T12:26:51.427Z" },
]

[[package]]
name = "pytest"
version = "9.1.1"
source = { registry = "https://pypi.org/simple" }
dependencies = [
    { name = "colorama", marker = "sys_platform == 'win32'" },
    { name = "iniconfig" },
    { name = "packaging" },
    { name = "pluggy" },
    { name = "pygments" },
]
sdist = { url = "https://files.pythonhosted.org/packages/e4/47/b9efed96c114afcfa3c9d3fe98a76a1d14c74a9e266d397cf6eb64be5e01/pytest-9.1.1.tar.gz", hash = "sha256:1088fbde8f2b49d95a549a195707afa7a76a3ce9bcadc26b6d71f0ffda5fe313", size = 1636369, upload-time = "2026-06-19T10:58:32.857Z" }
wheels = [
    { url = "https://files.pythonhosted.org/packages/24/25/1de2678b631f5a49215c6c96fff41ba892b0a34df68d6d80292b1b48aa7f/pytest-9.1.1-py3-none-any.whl", hash = "sha256:37a86b45efb9a47a61a36449063e8e18d0cab3161329fc099eb21783169c4f0c", size = 386536, upload-time = "2026-06-19T10:58:31.347Z" },
]

[[package]]
name = "python-discovery"
version = "1.6.1"
source = { registry = "https://pypi.org/simple" }
dependencies = [
    { name = "filelock" },
]
sdist = { url = "https://files.pythonhosted.org/packages/0c/57/250bd238b966cece44328235eb85290045d059265fdaf7527a3a958123db/python_discovery-1.6.1.tar.gz", hash = "sha256:cf87d3627dfb4412437fdd5b13eae402607722998d21567993aedbc59b23c15e", size = 84338, upload-time = "2026-09-18T01:31:53.971Z" }
wheels = [
    { url = "https://files.pythonhosted.org/packages/16/7d/e9ffbadfbf89c93848412d04594135c4ae8c1d37d9e053b9c3ed718fabc4/python_discovery-1.6.1-py3-none-any.whl", hash = "sha256:d43fcdef879fe795352bd13ccf8d185ba5a9f86f36cfcd00529f596e737442b3", size = 38664, upload-time = "2026-09-18T01:31:52.448Z" },
]

[[package]]
name = "pyyaml"
version = "6.0.3"
source = { registry = "https://pypi.org/simple" }
sdist = { url = "https://files.pythonhosted.org/packages/05/8e/961c0007c59b8dd7729d542c61a4d537767a59645b82a0b521206e1e25c2/pyyaml-6.0.3.tar.gz", hash = "sha256:d76623373421df22fb4cf8817020cbb7ef15c725b9d5e45f17e189bfc384190f", size = 130960, upload-time = "2025-09-25T21:33:16.546Z" }
wheels = [
    { url = "https://files.pythonhosted.org/packages/9d/8c/f4bd7f6465179953d3ac9bc44ac1a8a3e6122cf8ada906b4f96c60172d43/pyyaml-6.0.3-cp314-cp314-macosx_10_13_x86_64.whl", hash = "sha256:8d1fab6bb153a416f9aeb4b8763bc0f22a5586065f86f7664fc23339fc1c1fac", size = 181814, upload-time = "2025-09-25T21:32:35.712Z" },
    { url = "https://files.pythonhosted.org/packages/bd/9c/4d95bb87eb2063d20db7b60faa3840c1b18025517ae857371c4dd55a6b3a/pyyaml-6.0.3-cp314-cp314-macosx_11_0_arm64.whl", hash = "sha256:34d5fcd24b8445fadc33f9cf348c1047101756fd760b4dacb5c3e99755703310", size = 173809, upload-time = "2025-09-25T21:32:36.789Z" },
    { url = "https://files.pythonhosted.org/packages/92/b5/47e807c2623074914e29dabd16cbbdd4bf5e9b2db9f8090fa64411fc5382/pyyaml-6.0.3-cp314-cp314-manylinux2014_aarch64.manylinux_2_17_aarch64.manylinux_2_28_aarch64.whl", hash = "sha256:501a031947e3a9025ed4405a168e6ef5ae3126c59f90ce0cd6f2bfc477be31b7", size = 766454, upload-time = "2025-09-25T21:32:37.966Z" },
    { url = "https://files.pythonhosted.org/packages/02/9e/e5e9b168be58564121efb3de6859c452fccde0ab093d8438905899a3a483/pyyaml-6.0.3-cp314-cp314-manylinux2014_s390x.manylinux_2_17_s390x.manylinux_2_28_s390x.whl", hash = "sha256:b3bc83488de33889877a0f2543ade9f70c67d66d9ebb4ac959502e12de895788", size = 836355, upload-time = "2025-09-25T21:32:39.178Z" },
    { url = "https://files.pythonhosted.org/packages/88/f9/16491d7ed2a919954993e48aa941b200f38040928474c9e85ea9e64222c3/pyyaml-6.0.3-cp314-cp314-manylinux2014_x86_64.manylinux_2_17_x86_64.manylinux_2_28_x86_64.whl", hash = "sha256:c458b6d084f9b935061bc36216e8a69a7e293a2f1e68bf956dcd9e6cbcd143f5", size = 794175, upload-time = "2025-09-25T21:32:40.865Z" },
    { url = "https://files.pythonhosted.org/packages/dd/3f/5989debef34dc6397317802b527dbbafb2b4760878a53d4166579111411e/pyyaml-6.0.3-cp314-cp314-musllinux_1_2_aarch64.whl", hash = "sha256:7c6610def4f163542a622a73fb39f534f8c101d690126992300bf3207eab9764", size = 755228, upload-time = "2025-09-25T21:32:42.084Z" },
    { url = "https://files.pythonhosted.org/packages/d7/ce/af88a49043cd2e265be63d083fc75b27b6ed062f5f9fd6cdc223ad62f03e/pyyaml-6.0.3-cp314-cp314-musllinux_1_2_x86_64.whl", hash = "sha256:5190d403f121660ce8d1d2c1bb2ef1bd05b5f68533fc5c2ea899bd15f4399b35", size = 789194, upload-time = "2025-09-25T21:32:43.362Z" },
    { url = "https://files.pythonhosted.org/packages/23/20/bb6982b26a40bb43951265ba29d4c246ef0ff59c9fdcdf0ed04e0687de4d/pyyaml-6.0.3-cp314-cp314-win_amd64.whl", hash = "sha256:4a2e8cebe2ff6ab7d1050ecd59c25d4c8bd7e6f400f5f82b96557ac0abafd0ac", size = 156429, upload-time = "2025-09-25T21:32:57.844Z" },
    { url = "https://files.pythonhosted.org/packages/f4/f4/a4541072bb9422c8a883ab55255f918fa378ecf083f5b85e87fc2b4eda1b/pyyaml-6.0.3-cp314-cp314-win_arm64.whl", hash = "sha256:93dda82c9c22deb0a405ea4dc5f2d0cda384168e466364dec6255b293923b2f3", size = 143912, upload-time = "2025-09-25T21:32:59.247Z" },
    { url = "https://files.pythonhosted.org/packages/7c/f9/07dd09ae774e4616edf6cda684ee78f97777bdd15847253637a6f052a62f/pyyaml-6.0.3-cp314-cp314t-macosx_10_13_x86_64.whl", hash = "sha256:02893d100e99e03eda1c8fd5c441d8c60103fd175728e23e431db1b589cf5ab3", size = 189108, upload-time = "2025-09-25T21:32:44.377Z" },
    { url = "https://files.pythonhosted.org/packages/4e/78/8d08c9fb7ce09ad8c38ad533c1191cf27f7ae1effe5bb9400a46d9437fcf/pyyaml-6.0.3-cp314-cp314t-macosx_11_0_arm64.whl", hash = "sha256:c1ff362665ae507275af2853520967820d9124984e0f7466736aea23d8611fba", size = 183641, upload-time = "2025-09-25T21:32:45.407Z" },
    { url = "https://files.pythonhosted.org/packages/7b/5b/3babb19104a46945cf816d047db2788bcaf8c94527a805610b0289a01c6b/pyyaml-6.0.3-cp314-cp314t-manylinux2014_aarch64.manylinux_2_17_aarch64.manylinux_2_28_aarch64.whl", hash = "sha256:6adc77889b628398debc7b65c073bcb99c4a0237b248cacaf3fe8a557563ef6c", size = 831901, upload-time = "2025-09-25T21:32:48.83Z" },
    { url = "https://files.pythonhosted.org/packages/8b/cc/dff0684d8dc44da4d22a13f35f073d558c268780ce3c6ba1b87055bb0b87/pyyaml-6.0.3-cp314-cp314t-manylinux2014_s390x.manylinux_2_17_s390x.manylinux_2_28_s390x.whl", hash = "sha256:a80cb027f6b349846a3bf6d73b5e95e782175e52f22108cfa17876aaeff93702", size = 861132, upload-time = "2025-09-25T21:32:50.149Z" },
    { url = "https://files.pythonhosted.org/packages/b1/5e/f77dc6b9036943e285ba76b49e118d9ea929885becb0a29ba8a7c75e29fe/pyyaml-6.0.3-cp314-cp314t-manylinux2014_x86_64.manylinux_2_17_x86_64.manylinux_2_28_x86_64.whl", hash = "sha256:00c4bdeba853cc34e7dd471f16b4114f4162dc03e6b7afcc2128711f0eca823c", size = 839261, upload-time = "2025-09-25T21:32:51.808Z" },
    { url = "https://files.pythonhosted.org/packages/ce/88/a9db1376aa2a228197c58b37302f284b5617f56a5d959fd1763fb1675ce6/pyyaml-6.0.3-cp314-cp314t-musllinux_1_2_aarch64.whl", hash = "sha256:66e1674c3ef6f541c35191caae2d429b967b99e02040f5ba928632d9a7f0f065", size = 805272, upload-time = "2025-09-25T21:32:52.941Z" },
    { url = "https://files.pythonhosted.org/packages/da/92/1446574745d74df0c92e6aa4a7b0b3130706a4142b2d1a5869f2eaa423c6/pyyaml-6.0.3-cp314-cp314t-musllinux_1_2_x86_64.whl", hash = "sha256:16249ee61e95f858e83976573de0f5b2893b3677ba71c9dd36b9cf8be9ac6d65", size = 829923, upload-time = "2025-09-25T21:32:54.537Z" },
    { url = "https://files.pythonhosted.org/packages/f0/7a/1c7270340330e575b92f397352af856a8c06f230aa3e76f86b39d01b416a/pyyaml-6.0.3-cp314-cp314t-win_amd64.whl", hash = "sha256:4ad1906908f2f5ae4e5a8ddfce73c320c2a1429ec52eafd27138b7f1cbe341c9", size = 174062, upload-time = "2025-09-25T21:32:55.767Z" },
    { url = "https://files.pythonhosted.org/packages/f1/12/de94a39c2ef588c7e6455cfbe7343d3b2dc9d6b6b2f40c4c6565744c873d/pyyaml-6.0.3-cp314-cp314t-win_arm64.whl", hash = "sha256:ebc55a14a21cb14062aa4162f906cd962b28e2e9ea38f9b4391244cd8de4ae0b", size = 149341, upload-time = "2025-09-25T21:32:56.828Z" },
]

[[package]]
name = "rich"
version = "15.0.0"
source = { registry = "https://pypi.org/simple" }
dependencies = [
    { name = "markdown-it-py" },
    { name = "pygments" },
]
sdist = { url = "https://files.pythonhosted.org/packages/c0/8f/0722ca900cc807c13a6a0c696dacf35430f72e0ec571c4275d2371fca3e9/rich-15.0.0.tar.gz", hash = "sha256:edd07a4824c6b40189fb7ac9bc4c52536e9780fbbfbddf6f1e2502c31b068c36", size = 230680, upload-time = "2026-04-12T08:24:00.75Z" }
wheels = [
    { url = "https://files.pythonhosted.org/packages/82/3b/64d4899d73f91ba49a8c18a8ff3f0ea8f1c1d75481760df8c68ef5235bf5/rich-15.0.0-py3-none-any.whl", hash = "sha256:33bd4ef74232fb73fe9279a257718407f169c09b78a87ad3d296f548e27de0bb", size = 310654, upload-time = "2026-04-12T08:24:02.83Z" },
]

[[package]]
name = "ruff"
version = "0.16.9"
source = { registry = "https://pypi.org/simple" }
sdist = { url = "https://files.pythonhosted.org/packages/96/bf/c935ca98e73fe8ce65b87ef08a280c0c1e85295d569228c15e87d8fdfaf1/ruff-0.16.9.tar.gz", hash = "sha256:12b625c6cfba78d285d9f48eda5f053374f1e53cb10ef17342a383750db99161", size = 4948764, upload-time = "2026-09-24T20:37:49.416Z" }
wheels = [
    { url = "https://files.pythonhosted.org/packages/0d/26/df51322b52ee1ada7eff2d071ea09d11d5c2d1dcc9f02594f5785c4d1635/ruff-0.16.9-py3-none-linux_armv6l.whl", hash = "sha256:95e6f022090368ab3b824c36276839c53b2adf1a3f4c09fefc33dfc400f6da96", size = 10082922, upload-time = "2026-09-24T20:37:13.045Z" },
    { url = "https://files.pythonhosted.org/packages/a5/27/7bf51f5a7aa375e9f339280a303aab44ca75dc1525f1cdc5991761685b0f/ruff-0.16.9-py3-none-macosx_10_12_x86_64.whl", hash = "sha256:a5f27be168556594a86d2f415db0cf43f5291917849318f873c7e2791f7a8c67", size = 10236360, upload-time = "2026-09-24T20:37:16.049Z" },
    { url = "https://files.pythonhosted.org/packages/b6/63/09659283f92f02dff45809da194a70da2f688d87c55d8875c4fae3536072/ruff-0.16.9-py3-none-macosx_11_0_arm64.whl", hash = "sha256:1632eb1d6197f33bd00b1acbc5b71009e89a8895c158e2d2b03a834fac964ab6", size = 9892940, upload-time = "2026-09-24T20:37:17.957Z" },
    { url = "https://files.pythonhosted.org/packages/24/58/98de1b72ec172f5f8f1731236fe21585b3998bf7dfe9fcc44ae9ba626012/ruff-0.16.9-py3-none-manylinux_2_17_aarch64.manylinux2014_aarch64.whl", hash = "sha256:b3f951b14d865d5952c89d40a5ca07e87abe24fa5453299878411e127748fb1c", size = 10032114, upload-time = "2026-09-24T20:37:19.942Z" },
    { url = "https://files.pythonhosted.org/packages/c8/7d/f1e17c54ab59d4bad1dce8ee3e22a7a1d0ef4745240decacdcf3832b5bb2/ruff-0.16.9-py3-none-manylinux_2_17_armv7l.manylinux2014_armv7l.whl", hash = "sha256:447fc07e1573afff7cb02803462b12b6c8ece7cf10e2cd78565fa6d7a1c0bf8d", size = 9910227, upload-time = "2026-09-24T20:37:21.872Z" },
    { url = "https://files.pythonhosted.org/packages/34/19/436f647a65075bbd3bab2668b3bdaa5120559b294694018cdcefabbbf30b/ruff-0.16.9-py3-none-manylinux_2_17_i686.manylinux2014_i686.whl", hash = "sha256:8a3e039a6a40ed976c491722b60e0ae4a4aa1a86057f540ee7a37a5d19ae9120", size = 10547484, upload-time = "2026-09-24T20:37:24.229Z" },
    { url = "https://files.pythonhosted.org/packages/03/59/38430a6bc2f6d8095447ac39625cf8b6e9344a47e6c26225c8ba1bff3ffb/ruff-0.16.9-py3-none-manylinux_2_17_ppc64le.manylinux2014_ppc64le.whl", hash = "sha256:4684dded7db60aa57cb118fa158630f5feade4af5782903b6053484bdf9bd129", size = 11412367, upload-time = "2026-09-24T20:37:26.307Z" },
    { url = "https://files.pythonhosted.org/packages/c8/bd/bbb6d7fc7f208c8b8c50dd5dc8206e4cfdb1e7a8fb852606a3adf370c880/ruff-0.16.9-py3-none-manylinux_2_17_s390x.manylinux2014_s390x.whl", hash = "sha256:d29c934357e45642fda2f34c0b1f4025b4a6c01e15e4bf0016879d60078a142c", size = 10869787, upload-time = "2026-09-24T20:37:28.35Z" },
    { url = "https://files.pythonhosted.org/packages/bc/b8/9c543074918061abbefc3bd139bee22de35abedb00dde0f2d27288838962/ruff-0.16.9-py3-none-manylinux_2_17_x86_64.manylinux2014_x86_64.whl", hash = "sha256:a21713e629d3e5bdb2f5c2def1cc7f04f47fa8e1a7eb0571b4a28e1da64bc728", size = 10406494, upload-time = "2026-09-24T20:37:30.624Z" },
    { url = "https://files.pythonhosted.org/packages/35/7a/5a8851bd146e7ccf8fd4b003f6c75c11f8fbdb0e60673b45097986b6bf41/ruff-0.16.9-py3-none-manylinux_2_31_riscv64.whl", hash = "sha256:7baa24ef5fc8e77aa93879e1d3f43754a01ae488e869f1ae30cf431afd4d2452", size = 10590083, upload-time = "2026-09-24T20:37:32.439Z" },
    { url = "https://files.pythonhosted.org/packages/87/f0/4c3467188f23f806960b46fa76575a7cd0514c9ba90562650b71efc96980/ruff-0.16.9-py3-none-musllinux_1_2_aarch64.whl", hash = "sha256:a41aac6230aadfaa133bdfa1614488531ffa3e0837567ae04c0da2058a9c0f9e", size = 10119151, upload-time = "2026-09-24T20:37:34.581Z" },
    { url = "https://files.pythonhosted.org/packages/15/34/5a4def5adea572ce6aea0bb64f21f928ee317b80e0db747d7979b01d7261/ruff-0.16.9-py3-none-musllinux_1_2_armv7l.whl", hash = "sha256:c2529fb5896d49115b0e9aa8f887490b34bbe76baf879ec2264ac59406869ce7", size = 9911544, upload-time = "2026-09-24T20:37:36.796Z" },
    { url = "https://files.pythonhosted.org/packages/62/5d/d15ebea7499eef9373318c0ee6ca127832927c6529731f6d48e18dce7ca9/ruff-0.16.9-py3-none-musllinux_1_2_i686.whl", hash = "sha256:41e3870277694177429b56406d65dfbdb2c2802c52b715edaf6a0b829c69d4ee", size = 10269884, upload-time = "2026-09-24T20:37:38.857Z" },
    { url = "https://files.pythonhosted.org/packages/d1/56/c5d3cd119ded7a3c7aba0e961b69cb3df701c91662c98ad694467d060ce1/ruff-0.16.9-py3-none-musllinux_1_2_x86_64.whl", hash = "sha256:8adbe4e58af167f767d7b2ba5e83c42e878350796cf78c2f5e14ab9903a92588", size = 10749366, upload-time = "2026-09-24T20:37:41.042Z" },
    { url = "https://files.pythonhosted.org/packages/ac/fe/734ec7527029ac757ecf821f143c9f3fcf69149c21f53a044a899b430f5a/ruff-0.16.9-py3-none-win32.whl", hash = "sha256:0e1dbc2073624dee6618d41d0098690a7244654af746704b64759e12b6b6b385", size = 10152355, upload-time = "2026-09-24T20:37:43.025Z" },
    { url = "https://files.pythonhosted.org/packages/14/21/26e4643629b3ebb44f0a06f9c9a53058d63d989415f63a9a3c28e2ee7f22/ruff-0.16.9-py3-none-win_amd64.whl", hash = "sha256:6bd40fec8cd4c8a3d4dd589bd8ad4e6320c13c29234159bfd959a40d529d597b", size = 10592965, upload-time = "2026-09-24T20:37:44.944Z" },
    { url = "https://files.pythonhosted.org/packages/51/60/5fb1a39dbb5ae314d5f59bc7348a63c1d5c20f3cd83914c4b5cb0be31d2d/ruff-0.16.9-py3-none-win_arm64.whl", hash = "sha256:ed1a252039200f57a59eebc063b54beabea67bfbaaca0eeaa7f54b5fbcda2284", size = 10458649, upload-time = "2026-09-24T20:37:46.882Z" },
]

[[package]]
name = "typing-extensions"
version = "4.16.0"
source = { registry = "https://pypi.org/simple" }
sdist = { url = "https://files.pythonhosted.org/packages/f6/cc/6253133b5bb138fc3306cebfbda2c520f545d36b5be2c7255cc528bb45d6/typing_extensions-4.16.0.tar.gz", hash = "sha256:dc983d19a509c94dba722ee6abd33940f7c05a89e243c47e907eb4db6f1a43e5", size = 113555, upload-time = "2026-07-02T08:40:05.92Z" }
wheels = [
    { url = "https://files.pythonhosted.org/packages/49/d3/b8441a820a491ddfc024b0b0cf0393375b75ea13866d9c66727e54c2fc80/typing_extensions-4.16.0-py3-none-any.whl", hash = "sha256:481caa481374e813c1b176ada14e97f1f67a4539ce9cfeb3f350d78d6370c2e8", size = 45571, upload-time = "2026-07-02T08:40:04.659Z" },
]

[[package]]
name = "virtualenv"
version = "21.13.0"
source = { registry = "https://pypi.org/simple" }
dependencies = [
    { name = "distlib" },
    { name = "filelock" },
    { name = "platformdirs" },
    { name = "python-discovery" },
]
sdist = { url = "https://files.pythonhosted.org/packages/31/0b/825cbfd46beb2cc96c46403141081190c1afd1a348d0232a4ebcb6dcd362/virtualenv-21.13.0.tar.gz", hash = "sha256:e8aa144aabba43ffd9058e1fd1a02012b1915f8cb915acc16ad50aba9c13bfdc", size = 5399552, upload-time = "2026-09-26T16:42:09.321Z" }
wheels = [
    { url = "https://files.pythonhosted.org/packages/c5/2c/8b107f9e029da006c39af38a0a150dde57ecce48b495c79917d1ad963821/virtualenv-21.13.0-py3-none-any.whl", hash = "sha256:ca16ceba89e58d8e2f376769349c63f3ed66f79881ae68bc13e19a9d50e0e987", size = 5486498, upload-time = "2026-09-26T16:42:07.106Z" },
]
